{
  "version": 4,
  "terraform_version": "1.5.7",
  "serial": 15,
  "lineage": "5ea2622b-ec9b-672b-a46d-58b018149713",
  "outputs": {
    "external_ip_address_node01": {
      "value": "84.252.130.140",
      "type": "string"
    },
    "external_ip_address_node02": {
      "value": "51.250.66.60",
      "type": "string"
    },
    "external_ip_address_node03": {
      "value": "84.201.172.233",
      "type": "string"
    },
    "external_ip_address_node04": {
      "value": "84.201.132.88",
      "type": "string"
    },
    "external_ip_address_node05": {
      "value": "51.250.84.39",
      "type": "string"
    },
    "external_ip_address_node06": {
      "value": "51.250.89.197",
      "type": "string"
    },
    "internal_ip_address_node01": {
      "value": "192.168.101.11",
      "type": "string"
    },
    "internal_ip_address_node02": {
      "value": "192.168.101.12",
      "type": "string"
    },
    "internal_ip_address_node03": {
      "value": "192.168.101.13",
      "type": "string"
    },
    "internal_ip_address_node04": {
      "value": "192.168.101.14",
      "type": "string"
    },
    "internal_ip_address_node05": {
      "value": "192.168.101.15",
      "type": "string"
    },
    "internal_ip_address_node06": {
      "value": "192.168.101.16",
      "type": "string"
    }
  },
  "resources": [
    {
      "mode": "managed",
      "type": "local_file",
      "name": "inventory",
      "provider": "provider[\"registry.terraform.io/hashicorp/local\"]",
      "instances": [
        {
          "schema_version": 0,
          "attributes": {
            "content": "# Ansible inventory containing variable values from Terraform.\n# Generated by Terraform.\n\n[nodes:children]\nmanagers\nworkers\n\n[managers:children]\nactive\nstandby\n\n[active]\nnode01.netology.yc ansible_host=84.252.130.140\n\n[standby]\nnode02.netology.yc ansible_host=51.250.66.60\nnode03.netology.yc ansible_host=84.201.172.233\n\n[workers]\nnode04.netology.yc ansible_host=84.201.132.88\nnode05.netology.yc ansible_host=51.250.84.39\nnode06.netology.yc ansible_host=51.250.89.197\n",
            "content_base64": null,
            "content_base64sha256": "Udqi6ZzHl9s/7m2qSRIoF5LzNlAsH7doyY00rk8Bn7o=",
            "content_base64sha512": "ZfWd4okQhjLWpRevi/yozl0tThaJ4AmL1u2PA+bF2DTXaZxLpUJQ0TTrn0yB0b0BCkaTEdFBsVgr0NBoFCyi0g==",
            "content_md5": "29bf827d56f45821715ae27a80c47ffe",
            "content_sha1": "ea814f6377e40511b404c0166d602d096de085e5",
            "content_sha256": "51daa2e99cc797db3fee6daa4912281792f336502c1fb768c98d34ae4f019fba",
            "content_sha512": "65f59de289108632d6a517af8bfca8ce5d2d4e1689e0098bd6ed8f03e6c5d834d7699c4ba54250d134eb9f4c81d1bd010a469311d141b1582bd0d068142ca2d2",
            "directory_permission": "0777",
            "file_permission": "0777",
            "filename": "../ansible/inventory",
            "id": "ea814f6377e40511b404c0166d602d096de085e5",
            "sensitive_content": null,
            "source": null
          },
          "sensitive_attributes": [],
          "dependencies": [
            "yandex_compute_instance.node01",
            "yandex_compute_instance.node02",
            "yandex_compute_instance.node03",
            "yandex_compute_instance.node04",
            "yandex_compute_instance.node05",
            "yandex_compute_instance.node06",
            "yandex_vpc_network.default",
            "yandex_vpc_subnet.default"
          ]
        }
      ]
    },
    {
      "mode": "managed",
      "type": "null_resource",
      "name": "cluster",
      "provider": "provider[\"registry.terraform.io/hashicorp/null\"]",
      "instances": [
        {
          "schema_version": 0,
          "attributes": {
            "id": "5610660389252390727",
            "triggers": null
          },
          "sensitive_attributes": [],
          "dependencies": [
            "local_file.inventory",
            "null_resource.wait",
            "yandex_compute_instance.node01",
            "yandex_compute_instance.node02",
            "yandex_compute_instance.node03",
            "yandex_compute_instance.node04",
            "yandex_compute_instance.node05",
            "yandex_compute_instance.node06",
            "yandex_vpc_network.default",
            "yandex_vpc_subnet.default"
          ]
        }
      ]
    },
    {
      "mode": "managed",
      "type": "null_resource",
      "name": "monitoring",
      "provider": "provider[\"registry.terraform.io/hashicorp/null\"]",
      "instances": [
        {
          "schema_version": 0,
          "attributes": {
            "id": "5583559206839561435",
            "triggers": null
          },
          "sensitive_attributes": [],
          "dependencies": [
            "local_file.inventory",
            "null_resource.cluster",
            "null_resource.sync",
            "null_resource.wait",
            "yandex_compute_instance.node01",
            "yandex_compute_instance.node02",
            "yandex_compute_instance.node03",
            "yandex_compute_instance.node04",
            "yandex_compute_instance.node05",
            "yandex_compute_instance.node06",
            "yandex_vpc_network.default",
            "yandex_vpc_subnet.default"
          ]
        }
      ]
    },
    {
      "mode": "managed",
      "type": "null_resource",
      "name": "sync",
      "provider": "provider[\"registry.terraform.io/hashicorp/null\"]",
      "instances": [
        {
          "schema_version": 0,
          "attributes": {
            "id": "5893825515677060851",
            "triggers": null
          },
          "sensitive_attributes": [],
          "dependencies": [
            "local_file.inventory",
            "null_resource.cluster",
            "null_resource.wait",
            "yandex_compute_instance.node01",
            "yandex_compute_instance.node02",
            "yandex_compute_instance.node03",
            "yandex_compute_instance.node04",
            "yandex_compute_instance.node05",
            "yandex_compute_instance.node06",
            "yandex_vpc_network.default",
            "yandex_vpc_subnet.default"
          ]
        }
      ]
    },
    {
      "mode": "managed",
      "type": "null_resource",
      "name": "wait",
      "provider": "provider[\"registry.terraform.io/hashicorp/null\"]",
      "instances": [
        {
          "schema_version": 0,
          "attributes": {
            "id": "1727989306639604818",
            "triggers": null
          },
          "sensitive_attributes": [],
          "dependencies": [
            "local_file.inventory",
            "yandex_compute_instance.node01",
            "yandex_compute_instance.node02",
            "yandex_compute_instance.node03",
            "yandex_compute_instance.node04",
            "yandex_compute_instance.node05",
            "yandex_compute_instance.node06",
            "yandex_vpc_network.default",
            "yandex_vpc_subnet.default"
          ]
        }
      ]
    },
    {
      "mode": "managed",
      "type": "yandex_compute_instance",
      "name": "node01",
      "provider": "provider[\"registry.terraform.io/yandex-cloud/yandex\"]",
      "instances": [
        {
          "schema_version": 1,
          "attributes": {
            "allow_recreate": null,
            "allow_stopping_for_update": true,
            "boot_disk": [
              {
                "auto_delete": true,
                "device_name": "fhm8ddkcpa0u8arm0jkl",
                "disk_id": "fhm8ddkcpa0u8arm0jkl",
                "initialize_params": [
                  {
                    "block_size": 4096,
                    "description": "",
                    "image_id": "fd8n3o9rb3cp87c9i6n7",
                    "name": "root-node01",
                    "size": 10,
                    "snapshot_id": "",
                    "type": "network-ssd"
                  }
                ],
                "mode": "READ_WRITE"
              }
            ],
            "created_at": "2023-10-30T20:05:21Z",
            "description": "",
            "filesystem": [],
            "folder_id": "b1gl6dqee4o5qromajnb",
            "fqdn": "node01.netology.yc",
            "gpu_cluster_id": "",
            "hostname": "node01.netology.yc",
            "id": "fhms7a7u9m2baflouccq",
            "labels": null,
            "local_disk": [],
            "metadata": {
              "ssh-keys": "centos:ssh-rsa AAAAB3NzaC1yc2EAAAADAQABAAABgQCuzid86MV+4Ns9u7h7SE5/6vCm7v0cM/psv1guIwA0irxnHbjMolcZBdKAPwDGmyUu0TJVHrh3qsZx3e4t3wf++XVDd0D/Q5SiKbTpcaO2CggQk7zPvwC6SrPq1Nt3Am90/BqBpjgXPuQyha0yAHZ+w8KfGMLoHGiLxuWyaWCYxdWm5//RM+cziUG4PTXDbVzFzRHOsM8SffkcOwqMg3AZew93S73EMHSRdg0dEhkU+bIsPeLGA2M4n72Imnb+hKDMbY/LhRerhCND6SVjBO4VnQ7cQaF3ckuPH4lL9WBEFRd6NLE3vplRKZz0UB87UaE/C7B5j8WXq22JqDSenww3vRAQ5KCMWCqdlsQIZnIU8fI+hTSpENVao/kyPLR8SG9q1I3gLZO1+6gpeYtho8FHUUzX1pKbH+xd1YwTv3wx7oTGNzlXDb0dGkj4vsTrEqu8gK+vDt5mYD3jUMSS0gEmvmDzsozQaE3oSzZX0cRHQVXW8JxgPTN3GTkBrR3Cxn8= serg@LotsmanSM\n"
            },
            "metadata_options": [
              {
                "aws_v1_http_endpoint": 1,
                "aws_v1_http_token": 2,
                "gce_http_endpoint": 1,
                "gce_http_token": 1
              }
            ],
            "name": "node01",
            "network_acceleration_type": "standard",
            "network_interface": [
              {
                "dns_record": [],
                "index": 0,
                "ip_address": "192.168.101.11",
                "ipv4": true,
                "ipv6": false,
                "ipv6_address": "",
                "ipv6_dns_record": [],
                "mac_address": "d0:0d:1c:3a:8f:e4",
                "nat": true,
                "nat_dns_record": [],
                "nat_ip_address": "84.252.130.140",
                "nat_ip_version": "IPV4",
                "security_group_ids": [],
                "subnet_id": "e9bac0nug0ehu1jjutsg"
              }
            ],
            "placement_policy": [
              {
                "host_affinity_rules": [],
                "placement_group_id": ""
              }
            ],
            "platform_id": "standard-v1",
            "resources": [
              {
                "core_fraction": 100,
                "cores": 4,
                "gpus": 0,
                "memory": 8
              }
            ],
            "scheduling_policy": [
              {
                "preemptible": false
              }
            ],
            "secondary_disk": [],
            "service_account_id": "",
            "status": "running",
            "timeouts": null,
            "zone": "ru-central1-a"
          },
          "sensitive_attributes": [],
          "private": "eyJlMmJmYjczMC1lY2FhLTExZTYtOGY4OC0zNDM2M2JjN2M0YzAiOnsiY3JlYXRlIjozMDAwMDAwMDAwMDAsImRlbGV0ZSI6MzAwMDAwMDAwMDAwLCJ1cGRhdGUiOjMwMDAwMDAwMDAwMH0sInNjaGVtYV92ZXJzaW9uIjoiMSJ9",
          "dependencies": [
            "yandex_vpc_network.default",
            "yandex_vpc_subnet.default"
          ]
        }
      ]
    },
    {
      "mode": "managed",
      "type": "yandex_compute_instance",
      "name": "node02",
      "provider": "provider[\"registry.terraform.io/yandex-cloud/yandex\"]",
      "instances": [
        {
          "schema_version": 1,
          "attributes": {
            "allow_recreate": null,
            "allow_stopping_for_update": true,
            "boot_disk": [
              {
                "auto_delete": true,
                "device_name": "fhm1c07b9amkc6ooqvug",
                "disk_id": "fhm1c07b9amkc6ooqvug",
                "initialize_params": [
                  {
                    "block_size": 4096,
                    "description": "",
                    "image_id": "fd8n3o9rb3cp87c9i6n7",
                    "name": "root-node02",
                    "size": 10,
                    "snapshot_id": "",
                    "type": "network-ssd"
                  }
                ],
                "mode": "READ_WRITE"
              }
            ],
            "created_at": "2023-10-30T20:05:21Z",
            "description": "",
            "filesystem": [],
            "folder_id": "b1gl6dqee4o5qromajnb",
            "fqdn": "node02.netology.yc",
            "gpu_cluster_id": "",
            "hostname": "node02.netology.yc",
            "id": "fhmatobkr2rmb3ilfvbl",
            "labels": null,
            "local_disk": [],
            "metadata": {
              "ssh-keys": "centos:ssh-rsa AAAAB3NzaC1yc2EAAAADAQABAAABgQCuzid86MV+4Ns9u7h7SE5/6vCm7v0cM/psv1guIwA0irxnHbjMolcZBdKAPwDGmyUu0TJVHrh3qsZx3e4t3wf++XVDd0D/Q5SiKbTpcaO2CggQk7zPvwC6SrPq1Nt3Am90/BqBpjgXPuQyha0yAHZ+w8KfGMLoHGiLxuWyaWCYxdWm5//RM+cziUG4PTXDbVzFzRHOsM8SffkcOwqMg3AZew93S73EMHSRdg0dEhkU+bIsPeLGA2M4n72Imnb+hKDMbY/LhRerhCND6SVjBO4VnQ7cQaF3ckuPH4lL9WBEFRd6NLE3vplRKZz0UB87UaE/C7B5j8WXq22JqDSenww3vRAQ5KCMWCqdlsQIZnIU8fI+hTSpENVao/kyPLR8SG9q1I3gLZO1+6gpeYtho8FHUUzX1pKbH+xd1YwTv3wx7oTGNzlXDb0dGkj4vsTrEqu8gK+vDt5mYD3jUMSS0gEmvmDzsozQaE3oSzZX0cRHQVXW8JxgPTN3GTkBrR3Cxn8= serg@LotsmanSM\n"
            },
            "metadata_options": [
              {
                "aws_v1_http_endpoint": 1,
                "aws_v1_http_token": 2,
                "gce_http_endpoint": 1,
                "gce_http_token": 1
              }
            ],
            "name": "node02",
            "network_acceleration_type": "standard",
            "network_interface": [
              {
                "dns_record": [],
                "index": 0,
                "ip_address": "192.168.101.12",
                "ipv4": true,
                "ipv6": false,
                "ipv6_address": "",
                "ipv6_dns_record": [],
                "mac_address": "d0:0d:ae:e1:74:d8",
                "nat": true,
                "nat_dns_record": [],
                "nat_ip_address": "51.250.66.60",
                "nat_ip_version": "IPV4",
                "security_group_ids": [],
                "subnet_id": "e9bac0nug0ehu1jjutsg"
              }
            ],
            "placement_policy": [
              {
                "host_affinity_rules": [],
                "placement_group_id": ""
              }
            ],
            "platform_id": "standard-v1",
            "resources": [
              {
                "core_fraction": 100,
                "cores": 4,
                "gpus": 0,
                "memory": 8
              }
            ],
            "scheduling_policy": [
              {
                "preemptible": false
              }
            ],
            "secondary_disk": [],
            "service_account_id": "",
            "status": "running",
            "timeouts": null,
            "zone": "ru-central1-a"
          },
          "sensitive_attributes": [],
          "private": "eyJlMmJmYjczMC1lY2FhLTExZTYtOGY4OC0zNDM2M2JjN2M0YzAiOnsiY3JlYXRlIjozMDAwMDAwMDAwMDAsImRlbGV0ZSI6MzAwMDAwMDAwMDAwLCJ1cGRhdGUiOjMwMDAwMDAwMDAwMH0sInNjaGVtYV92ZXJzaW9uIjoiMSJ9",
          "dependencies": [
            "yandex_vpc_network.default",
            "yandex_vpc_subnet.default"
          ]
        }
      ]
    },
    {
      "mode": "managed",
      "type": "yandex_compute_instance",
      "name": "node03",
      "provider": "provider[\"registry.terraform.io/yandex-cloud/yandex\"]",
      "instances": [
        {
          "schema_version": 1,
          "attributes": {
            "allow_recreate": null,
            "allow_stopping_for_update": true,
            "boot_disk": [
              {
                "auto_delete": true,
                "device_name": "fhmprhb2ji64091bolg4",
                "disk_id": "fhmprhb2ji64091bolg4",
                "initialize_params": [
                  {
                    "block_size": 4096,
                    "description": "",
                    "image_id": "fd8n3o9rb3cp87c9i6n7",
                    "name": "root-node03",
                    "size": 10,
                    "snapshot_id": "",
                    "type": "network-ssd"
                  }
                ],
                "mode": "READ_WRITE"
              }
            ],
            "created_at": "2023-10-30T20:05:22Z",
            "description": "",
            "filesystem": [],
            "folder_id": "b1gl6dqee4o5qromajnb",
            "fqdn": "node03.netology.yc",
            "gpu_cluster_id": "",
            "hostname": "node03.netology.yc",
            "id": "fhmr6lutt1kfu6ri3732",
            "labels": null,
            "local_disk": [],
            "metadata": {
              "ssh-keys": "centos:ssh-rsa AAAAB3NzaC1yc2EAAAADAQABAAABgQCuzid86MV+4Ns9u7h7SE5/6vCm7v0cM/psv1guIwA0irxnHbjMolcZBdKAPwDGmyUu0TJVHrh3qsZx3e4t3wf++XVDd0D/Q5SiKbTpcaO2CggQk7zPvwC6SrPq1Nt3Am90/BqBpjgXPuQyha0yAHZ+w8KfGMLoHGiLxuWyaWCYxdWm5//RM+cziUG4PTXDbVzFzRHOsM8SffkcOwqMg3AZew93S73EMHSRdg0dEhkU+bIsPeLGA2M4n72Imnb+hKDMbY/LhRerhCND6SVjBO4VnQ7cQaF3ckuPH4lL9WBEFRd6NLE3vplRKZz0UB87UaE/C7B5j8WXq22JqDSenww3vRAQ5KCMWCqdlsQIZnIU8fI+hTSpENVao/kyPLR8SG9q1I3gLZO1+6gpeYtho8FHUUzX1pKbH+xd1YwTv3wx7oTGNzlXDb0dGkj4vsTrEqu8gK+vDt5mYD3jUMSS0gEmvmDzsozQaE3oSzZX0cRHQVXW8JxgPTN3GTkBrR3Cxn8= serg@LotsmanSM\n"
            },
            "metadata_options": [
              {
                "aws_v1_http_endpoint": 1,
                "aws_v1_http_token": 2,
                "gce_http_endpoint": 1,
                "gce_http_token": 1
              }
            ],
            "name": "node03",
            "network_acceleration_type": "standard",
            "network_interface": [
              {
                "dns_record": [],
                "index": 0,
                "ip_address": "192.168.101.13",
                "ipv4": true,
                "ipv6": false,
                "ipv6_address": "",
                "ipv6_dns_record": [],
                "mac_address": "d0:0d:1b:35:7d:de",
                "nat": true,
                "nat_dns_record": [],
                "nat_ip_address": "84.201.172.233",
                "nat_ip_version": "IPV4",
                "security_group_ids": [],
                "subnet_id": "e9bac0nug0ehu1jjutsg"
              }
            ],
            "placement_policy": [
              {
                "host_affinity_rules": [],
                "placement_group_id": ""
              }
            ],
            "platform_id": "standard-v1",
            "resources": [
              {
                "core_fraction": 100,
                "cores": 4,
                "gpus": 0,
                "memory": 8
              }
            ],
            "scheduling_policy": [
              {
                "preemptible": false
              }
            ],
            "secondary_disk": [],
            "service_account_id": "",
            "status": "running",
            "timeouts": null,
            "zone": "ru-central1-a"
          },
          "sensitive_attributes": [],
          "private": "eyJlMmJmYjczMC1lY2FhLTExZTYtOGY4OC0zNDM2M2JjN2M0YzAiOnsiY3JlYXRlIjozMDAwMDAwMDAwMDAsImRlbGV0ZSI6MzAwMDAwMDAwMDAwLCJ1cGRhdGUiOjMwMDAwMDAwMDAwMH0sInNjaGVtYV92ZXJzaW9uIjoiMSJ9",
          "dependencies": [
            "yandex_vpc_network.default",
            "yandex_vpc_subnet.default"
          ]
        }
      ]
    },
    {
      "mode": "managed",
      "type": "yandex_compute_instance",
      "name": "node04",
      "provider": "provider[\"registry.terraform.io/yandex-cloud/yandex\"]",
      "instances": [
        {
          "schema_version": 1,
          "attributes": {
            "allow_recreate": null,
            "allow_stopping_for_update": true,
            "boot_disk": [
              {
                "auto_delete": true,
                "device_name": "fhm1kl94i2cj9irlsvuv",
                "disk_id": "fhm1kl94i2cj9irlsvuv",
                "initialize_params": [
                  {
                    "block_size": 4096,
                    "description": "",
                    "image_id": "fd8n3o9rb3cp87c9i6n7",
                    "name": "root-node04",
                    "size": 40,
                    "snapshot_id": "",
                    "type": "network-ssd"
                  }
                ],
                "mode": "READ_WRITE"
              }
            ],
            "created_at": "2023-10-30T20:05:22Z",
            "description": "",
            "filesystem": [],
            "folder_id": "b1gl6dqee4o5qromajnb",
            "fqdn": "node04.netology.yc",
            "gpu_cluster_id": "",
            "hostname": "node04.netology.yc",
            "id": "fhm49tpk4g5sono44oct",
            "labels": null,
            "local_disk": [],
            "metadata": {
              "ssh-keys": "centos:ssh-rsa AAAAB3NzaC1yc2EAAAADAQABAAABgQCuzid86MV+4Ns9u7h7SE5/6vCm7v0cM/psv1guIwA0irxnHbjMolcZBdKAPwDGmyUu0TJVHrh3qsZx3e4t3wf++XVDd0D/Q5SiKbTpcaO2CggQk7zPvwC6SrPq1Nt3Am90/BqBpjgXPuQyha0yAHZ+w8KfGMLoHGiLxuWyaWCYxdWm5//RM+cziUG4PTXDbVzFzRHOsM8SffkcOwqMg3AZew93S73EMHSRdg0dEhkU+bIsPeLGA2M4n72Imnb+hKDMbY/LhRerhCND6SVjBO4VnQ7cQaF3ckuPH4lL9WBEFRd6NLE3vplRKZz0UB87UaE/C7B5j8WXq22JqDSenww3vRAQ5KCMWCqdlsQIZnIU8fI+hTSpENVao/kyPLR8SG9q1I3gLZO1+6gpeYtho8FHUUzX1pKbH+xd1YwTv3wx7oTGNzlXDb0dGkj4vsTrEqu8gK+vDt5mYD3jUMSS0gEmvmDzsozQaE3oSzZX0cRHQVXW8JxgPTN3GTkBrR3Cxn8= serg@LotsmanSM\n"
            },
            "metadata_options": [
              {
                "aws_v1_http_endpoint": 1,
                "aws_v1_http_token": 2,
                "gce_http_endpoint": 1,
                "gce_http_token": 1
              }
            ],
            "name": "node04",
            "network_acceleration_type": "standard",
            "network_interface": [
              {
                "dns_record": [],
                "index": 0,
                "ip_address": "192.168.101.14",
                "ipv4": true,
                "ipv6": false,
                "ipv6_address": "",
                "ipv6_dns_record": [],
                "mac_address": "d0:0d:44:f7:34:24",
                "nat": true,
                "nat_dns_record": [],
                "nat_ip_address": "84.201.132.88",
                "nat_ip_version": "IPV4",
                "security_group_ids": [],
                "subnet_id": "e9bac0nug0ehu1jjutsg"
              }
            ],
            "placement_policy": [
              {
                "host_affinity_rules": [],
                "placement_group_id": ""
              }
            ],
            "platform_id": "standard-v1",
            "resources": [
              {
                "core_fraction": 100,
                "cores": 4,
                "gpus": 0,
                "memory": 8
              }
            ],
            "scheduling_policy": [
              {
                "preemptible": false
              }
            ],
            "secondary_disk": [],
            "service_account_id": "",
            "status": "running",
            "timeouts": null,
            "zone": "ru-central1-a"
          },
          "sensitive_attributes": [],
          "private": "eyJlMmJmYjczMC1lY2FhLTExZTYtOGY4OC0zNDM2M2JjN2M0YzAiOnsiY3JlYXRlIjozMDAwMDAwMDAwMDAsImRlbGV0ZSI6MzAwMDAwMDAwMDAwLCJ1cGRhdGUiOjMwMDAwMDAwMDAwMH0sInNjaGVtYV92ZXJzaW9uIjoiMSJ9",
          "dependencies": [
            "yandex_vpc_network.default",
            "yandex_vpc_subnet.default"
          ]
        }
      ]
    },
    {
      "mode": "managed",
      "type": "yandex_compute_instance",
      "name": "node05",
      "provider": "provider[\"registry.terraform.io/yandex-cloud/yandex\"]",
      "instances": [
        {
          "schema_version": 1,
          "attributes": {
            "allow_recreate": null,
            "allow_stopping_for_update": true,
            "boot_disk": [
              {
                "auto_delete": true,
                "device_name": "fhmspapji498g1p29sg3",
                "disk_id": "fhmspapji498g1p29sg3",
                "initialize_params": [
                  {
                    "block_size": 4096,
                    "description": "",
                    "image_id": "fd8n3o9rb3cp87c9i6n7",
                    "name": "root-node05",
                    "size": 40,
                    "snapshot_id": "",
                    "type": "network-ssd"
                  }
                ],
                "mode": "READ_WRITE"
              }
            ],
            "created_at": "2023-10-30T20:05:22Z",
            "description": "",
            "filesystem": [],
            "folder_id": "b1gl6dqee4o5qromajnb",
            "fqdn": "node05.netology.yc",
            "gpu_cluster_id": "",
            "hostname": "node05.netology.yc",
            "id": "fhmqi5hj4glaqbkv0fdl",
            "labels": null,
            "local_disk": [],
            "metadata": {
              "ssh-keys": "centos:ssh-rsa AAAAB3NzaC1yc2EAAAADAQABAAABgQCuzid86MV+4Ns9u7h7SE5/6vCm7v0cM/psv1guIwA0irxnHbjMolcZBdKAPwDGmyUu0TJVHrh3qsZx3e4t3wf++XVDd0D/Q5SiKbTpcaO2CggQk7zPvwC6SrPq1Nt3Am90/BqBpjgXPuQyha0yAHZ+w8KfGMLoHGiLxuWyaWCYxdWm5//RM+cziUG4PTXDbVzFzRHOsM8SffkcOwqMg3AZew93S73EMHSRdg0dEhkU+bIsPeLGA2M4n72Imnb+hKDMbY/LhRerhCND6SVjBO4VnQ7cQaF3ckuPH4lL9WBEFRd6NLE3vplRKZz0UB87UaE/C7B5j8WXq22JqDSenww3vRAQ5KCMWCqdlsQIZnIU8fI+hTSpENVao/kyPLR8SG9q1I3gLZO1+6gpeYtho8FHUUzX1pKbH+xd1YwTv3wx7oTGNzlXDb0dGkj4vsTrEqu8gK+vDt5mYD3jUMSS0gEmvmDzsozQaE3oSzZX0cRHQVXW8JxgPTN3GTkBrR3Cxn8= serg@LotsmanSM\n"
            },
            "metadata_options": [
              {
                "aws_v1_http_endpoint": 1,
                "aws_v1_http_token": 2,
                "gce_http_endpoint": 1,
                "gce_http_token": 1
              }
            ],
            "name": "node05",
            "network_acceleration_type": "standard",
            "network_interface": [
              {
                "dns_record": [],
                "index": 0,
                "ip_address": "192.168.101.15",
                "ipv4": true,
                "ipv6": false,
                "ipv6_address": "",
                "ipv6_dns_record": [],
                "mac_address": "d0:0d:1a:91:63:32",
                "nat": true,
                "nat_dns_record": [],
                "nat_ip_address": "51.250.84.39",
                "nat_ip_version": "IPV4",
                "security_group_ids": [],
                "subnet_id": "e9bac0nug0ehu1jjutsg"
              }
            ],
            "placement_policy": [
              {
                "host_affinity_rules": [],
                "placement_group_id": ""
              }
            ],
            "platform_id": "standard-v1",
            "resources": [
              {
                "core_fraction": 100,
                "cores": 4,
                "gpus": 0,
                "memory": 8
              }
            ],
            "scheduling_policy": [
              {
                "preemptible": false
              }
            ],
            "secondary_disk": [],
            "service_account_id": "",
            "status": "running",
            "timeouts": null,
            "zone": "ru-central1-a"
          },
          "sensitive_attributes": [],
          "private": "eyJlMmJmYjczMC1lY2FhLTExZTYtOGY4OC0zNDM2M2JjN2M0YzAiOnsiY3JlYXRlIjozMDAwMDAwMDAwMDAsImRlbGV0ZSI6MzAwMDAwMDAwMDAwLCJ1cGRhdGUiOjMwMDAwMDAwMDAwMH0sInNjaGVtYV92ZXJzaW9uIjoiMSJ9",
          "dependencies": [
            "yandex_vpc_network.default",
            "yandex_vpc_subnet.default"
          ]
        }
      ]
    },
    {
      "mode": "managed",
      "type": "yandex_compute_instance",
      "name": "node06",
      "provider": "provider[\"registry.terraform.io/yandex-cloud/yandex\"]",
      "instances": [
        {
          "schema_version": 1,
          "attributes": {
            "allow_recreate": null,
            "allow_stopping_for_update": true,
            "boot_disk": [
              {
                "auto_delete": true,
                "device_name": "fhm4snn03n32tge4b270",
                "disk_id": "fhm4snn03n32tge4b270",
                "initialize_params": [
                  {
                    "block_size": 4096,
                    "description": "",
                    "image_id": "fd8n3o9rb3cp87c9i6n7",
                    "name": "root-node06",
                    "size": 40,
                    "snapshot_id": "",
                    "type": "network-ssd"
                  }
                ],
                "mode": "READ_WRITE"
              }
            ],
            "created_at": "2023-10-30T20:05:22Z",
            "description": "",
            "filesystem": [],
            "folder_id": "b1gl6dqee4o5qromajnb",
            "fqdn": "node06.netology.yc",
            "gpu_cluster_id": "",
            "hostname": "node06.netology.yc",
            "id": "fhm9nrpfi3vmk9lpphe4",
            "labels": null,
            "local_disk": [],
            "metadata": {
              "ssh-keys": "centos:ssh-rsa AAAAB3NzaC1yc2EAAAADAQABAAABgQCuzid86MV+4Ns9u7h7SE5/6vCm7v0cM/psv1guIwA0irxnHbjMolcZBdKAPwDGmyUu0TJVHrh3qsZx3e4t3wf++XVDd0D/Q5SiKbTpcaO2CggQk7zPvwC6SrPq1Nt3Am90/BqBpjgXPuQyha0yAHZ+w8KfGMLoHGiLxuWyaWCYxdWm5//RM+cziUG4PTXDbVzFzRHOsM8SffkcOwqMg3AZew93S73EMHSRdg0dEhkU+bIsPeLGA2M4n72Imnb+hKDMbY/LhRerhCND6SVjBO4VnQ7cQaF3ckuPH4lL9WBEFRd6NLE3vplRKZz0UB87UaE/C7B5j8WXq22JqDSenww3vRAQ5KCMWCqdlsQIZnIU8fI+hTSpENVao/kyPLR8SG9q1I3gLZO1+6gpeYtho8FHUUzX1pKbH+xd1YwTv3wx7oTGNzlXDb0dGkj4vsTrEqu8gK+vDt5mYD3jUMSS0gEmvmDzsozQaE3oSzZX0cRHQVXW8JxgPTN3GTkBrR3Cxn8= serg@LotsmanSM\n"
            },
            "metadata_options": [
              {
                "aws_v1_http_endpoint": 1,
                "aws_v1_http_token": 2,
                "gce_http_endpoint": 1,
                "gce_http_token": 1
              }
            ],
            "name": "node06",
            "network_acceleration_type": "standard",
            "network_interface": [
              {
                "dns_record": [],
                "index": 0,
                "ip_address": "192.168.101.16",
                "ipv4": true,
                "ipv6": false,
                "ipv6_address": "",
                "ipv6_dns_record": [],
                "mac_address": "d0:0d:9b:ef:2f:90",
                "nat": true,
                "nat_dns_record": [],
                "nat_ip_address": "51.250.89.197",
                "nat_ip_version": "IPV4",
                "security_group_ids": [],
                "subnet_id": "e9bac0nug0ehu1jjutsg"
              }
            ],
            "placement_policy": [
              {
                "host_affinity_rules": [],
                "placement_group_id": ""
              }
            ],
            "platform_id": "standard-v1",
            "resources": [
              {
                "core_fraction": 100,
                "cores": 4,
                "gpus": 0,
                "memory": 8
              }
            ],
            "scheduling_policy": [
              {
                "preemptible": false
              }
            ],
            "secondary_disk": [],
            "service_account_id": "",
            "status": "running",
            "timeouts": null,
            "zone": "ru-central1-a"
          },
          "sensitive_attributes": [],
          "private": "eyJlMmJmYjczMC1lY2FhLTExZTYtOGY4OC0zNDM2M2JjN2M0YzAiOnsiY3JlYXRlIjozMDAwMDAwMDAwMDAsImRlbGV0ZSI6MzAwMDAwMDAwMDAwLCJ1cGRhdGUiOjMwMDAwMDAwMDAwMH0sInNjaGVtYV92ZXJzaW9uIjoiMSJ9",
          "dependencies": [
            "yandex_vpc_network.default",
            "yandex_vpc_subnet.default"
          ]
        }
      ]
    },
    {
      "mode": "managed",
      "type": "yandex_vpc_network",
      "name": "default",
      "provider": "provider[\"registry.terraform.io/yandex-cloud/yandex\"]",
      "instances": [
        {
          "schema_version": 0,
          "attributes": {
            "created_at": "2023-10-30T20:05:18Z",
            "default_security_group_id": "enpeq585ns3urv49r858",
            "description": "",
            "folder_id": "b1gl6dqee4o5qromajnb",
            "id": "enpc1lrgkca44tu9bo0o",
            "labels": {},
            "name": "net",
            "subnet_ids": [],
            "timeouts": null
          },
          "sensitive_attributes": [],
          "private": "eyJlMmJmYjczMC1lY2FhLTExZTYtOGY4OC0zNDM2M2JjN2M0YzAiOnsiY3JlYXRlIjo2MDAwMDAwMDAwMCwiZGVsZXRlIjo2MDAwMDAwMDAwMCwidXBkYXRlIjo2MDAwMDAwMDAwMH19"
        }
      ]
    },
    {
      "mode": "managed",
      "type": "yandex_vpc_subnet",
      "name": "default",
      "provider": "provider[\"registry.terraform.io/yandex-cloud/yandex\"]",
      "instances": [
        {
          "schema_version": 0,
          "attributes": {
            "created_at": "2023-10-30T20:05:20Z",
            "description": "",
            "dhcp_options": [],
            "folder_id": "b1gl6dqee4o5qromajnb",
            "id": "e9bac0nug0ehu1jjutsg",
            "labels": {},
            "name": "subnet",
            "network_id": "enpc1lrgkca44tu9bo0o",
            "route_table_id": "",
            "timeouts": null,
            "v4_cidr_blocks": [
              "192.168.101.0/24"
            ],
            "v6_cidr_blocks": [],
            "zone": "ru-central1-a"
          },
          "sensitive_attributes": [],
          "private": "eyJlMmJmYjczMC1lY2FhLTExZTYtOGY4OC0zNDM2M2JjN2M0YzAiOnsiY3JlYXRlIjoxODAwMDAwMDAwMDAsImRlbGV0ZSI6MTgwMDAwMDAwMDAwLCJ1cGRhdGUiOjE4MDAwMDAwMDAwMH19",
          "dependencies": [
            "yandex_vpc_network.default"
          ]
        }
      ]
    }
  ],
  "check_results": null
}
